{
  "name": "study",
  "version": "1.0.0",
  "lockfileVersion": 2,
  "requires": true,
  "packages": {
    "": {
      "name": "study",
      "version": "1.0.0",
      "license": "ISC",
      "dependencies": {
        "date-utils": "^1.2.21",
        "hotnode": "^0.0.8"
      }
    },
    "node_modules/date-utils": {
      "version": "1.2.21",
      "resolved": "https://registry.npmjs.org/date-utils/-/date-utils-1.2.21.tgz",
      "integrity": "sha1-YfsWzcEnSzyayq/+n8ad+HIKK2Q=",
      "engines": {
        "node": ">0.4.0"
      }
    },
    "node_modules/hotnode": {
      "version": "0.0.8",
      "resolved": "https://registry.npmjs.org/hotnode/-/hotnode-0.0.8.tgz",
      "integrity": "sha1-OtqmPVslLCbxKUXIJ9YSXGDIBzM=",
      "dependencies": {
        "watch": "0.5.0"
      },
      "bin": {
        "hotcoffee": "javascript/hotcoffee.js",
        "hotnode": "javascript/hotnode.js"
      },
      "engines": {
        "node": ">=0.2.2"
      }
    },
    "node_modules/watch": {
      "version": "0.5.0",
      "resolved": "https://registry.npmjs.org/watch/-/watch-0.5.0.tgz",
      "integrity": "sha1-HrE5mzQglgEnQx76ZGtxjaFG038=",
      "engines": [
        "node >=0.1.95"
      ]
    }
  },
  "dependencies": {
    "date-utils": {
      "version": "1.2.21",
      "resolved": "https://registry.npmjs.org/date-utils/-/date-utils-1.2.21.tgz",
      "integrity": "sha1-YfsWzcEnSzyayq/+n8ad+HIKK2Q="
    },
    "hotnode": {
      "version": "0.0.8",
      "resolved": "https://registry.npmjs.org/hotnode/-/hotnode-0.0.8.tgz",
      "integrity": "sha1-OtqmPVslLCbxKUXIJ9YSXGDIBzM=",
      "requires": {
        "watch": "0.5.0"
      }
    },
    "watch": {
      "version": "0.5.0",
      "resolved": "https://registry.npmjs.org/watch/-/watch-0.5.0.tgz",
      "integrity": "sha1-HrE5mzQglgEnQx76ZGtxjaFG038="
    }
  }
}
